
Microsoft Visual Studio Solution File, Format Version 12.00
# Visual Studio Version 17
VisualStudioVersion = 17.1.32319.34
MinimumVisualStudioVersion = 10.0.40219.1
Project("{9A19103F-16F7-4668-BE54-9A1E7A4F7556}") = "NotificationAPI", "Notification\NotificationAPI.csproj", "{9B790938-5A31-47FD-9A4E-EB46BC2BD578}"
EndProject
Project("{2150E333-8FDC-42A3-9474-1A3956D46DE8}") = "doc", "doc", "{6CA1BD7B-3414-48E7-B839-71DDEB1BDBD2}"
EndProject
Project("{2150E333-8FDC-42A3-9474-1A3956D46DE8}") = "src", "src", "{DF2C4D57-03DC-4118-A624-8A841D37989D}"
EndProject
Project("{2150E333-8FDC-42A3-9474-1A3956D46DE8}") = "test", "test", "{77074E49-6FA8-46B5-8417-CF7416198C3B}"
EndProject
Project("{2150E333-8FDC-42A3-9474-1A3956D46DE8}") = "common", "common", "{67252525-9214-43CC-B1E8-9EE40F00BCF5}"
EndProject
Project("{2150E333-8FDC-42A3-9474-1A3956D46DE8}") = "core", "core", "{F801DCCB-DA16-4664-B84C-B06A5BBC4428}"
EndProject
Project("{2150E333-8FDC-42A3-9474-1A3956D46DE8}") = "infrastructure", "infrastructure", "{3B246981-BA66-48F3-8D77-47F16B277421}"
EndProject
Project("{2150E333-8FDC-42A3-9474-1A3956D46DE8}") = "presentation", "presentation", "{3F17E911-36D7-4473-89C5-FEE15C430D94}"
EndProject
Project("{9A19103F-16F7-4668-BE54-9A1E7A4F7556}") = "Notification.Common", "Notification.Common\Notification.Common.csproj", "{EAF2F1E7-425F-45E1-A1DB-6A9EFB22BA09}"
EndProject
Project("{9A19103F-16F7-4668-BE54-9A1E7A4F7556}") = "Notification.Application", "Notification.Application\Notification.Application.csproj", "{8FEBD389-9D8F-414D-ABED-BB54F768185A}"
EndProject
Project("{9A19103F-16F7-4668-BE54-9A1E7A4F7556}") = "Notification.Domain", "Notification.Domain\Notification.Domain.csproj", "{3E7D894D-C6F2-4560-84C9-6C4AB1186755}"
EndProject
Project("{9A19103F-16F7-4668-BE54-9A1E7A4F7556}") = "Notification.Infrastracture", "Notification.Infrastracture\Notification.Infrastracture.csproj", "{6F8B9C41-C04C-4891-92AF-EBC160609E12}"
EndProject
Project("{9A19103F-16F7-4668-BE54-9A1E7A4F7556}") = "Notification.Persistance", "Notification.Persistance\Notification.Persistance.csproj", "{24DF9B94-D371-46A6-9B27-B5ED5237BEA3}"
EndProject
Project("{9A19103F-16F7-4668-BE54-9A1E7A4F7556}") = "ServerGRPCNotification", "ServerGRPCNotification\ServerGRPCNotification.csproj", "{CC2B1905-35F5-4683-9438-4550EEFC6478}"
EndProject
Project("{FAE04EC0-301F-11D3-BF4B-00C04F79EFBC}") = "NotificationAPICQRS", "NotificationAPICQRS\NotificationAPICQRS.csproj", "{5EA2FBBE-E7D5-4D9F-8650-6530F9A00BDE}"
EndProject
Global
	GlobalSection(SolutionConfigurationPlatforms) = preSolution
		Debug|Any CPU = Debug|Any CPU
		Release|Any CPU = Release|Any CPU
	EndGlobalSection
	GlobalSection(ProjectConfigurationPlatforms) = postSolution
		{9B790938-5A31-47FD-9A4E-EB46BC2BD578}.Debug|Any CPU.ActiveCfg = Debug|Any CPU
		{9B790938-5A31-47FD-9A4E-EB46BC2BD578}.Debug|Any CPU.Build.0 = Debug|Any CPU
		{9B790938-5A31-47FD-9A4E-EB46BC2BD578}.Release|Any CPU.ActiveCfg = Release|Any CPU
		{9B790938-5A31-47FD-9A4E-EB46BC2BD578}.Release|Any CPU.Build.0 = Release|Any CPU
		{EAF2F1E7-425F-45E1-A1DB-6A9EFB22BA09}.Debug|Any CPU.ActiveCfg = Debug|Any CPU
		{EAF2F1E7-425F-45E1-A1DB-6A9EFB22BA09}.Debug|Any CPU.Build.0 = Debug|Any CPU
		{EAF2F1E7-425F-45E1-A1DB-6A9EFB22BA09}.Release|Any CPU.ActiveCfg = Release|Any CPU
		{EAF2F1E7-425F-45E1-A1DB-6A9EFB22BA09}.Release|Any CPU.Build.0 = Release|Any CPU
		{8FEBD389-9D8F-414D-ABED-BB54F768185A}.Debug|Any CPU.ActiveCfg = Debug|Any CPU
		{8FEBD389-9D8F-414D-ABED-BB54F768185A}.Debug|Any CPU.Build.0 = Debug|Any CPU
		{8FEBD389-9D8F-414D-ABED-BB54F768185A}.Release|Any CPU.ActiveCfg = Release|Any CPU
		{8FEBD389-9D8F-414D-ABED-BB54F768185A}.Release|Any CPU.Build.0 = Release|Any CPU
		{3E7D894D-C6F2-4560-84C9-6C4AB1186755}.Debug|Any CPU.ActiveCfg = Debug|Any CPU
		{3E7D894D-C6F2-4560-84C9-6C4AB1186755}.Debug|Any CPU.Build.0 = Debug|Any CPU
		{3E7D894D-C6F2-4560-84C9-6C4AB1186755}.Release|Any CPU.ActiveCfg = Release|Any CPU
		{3E7D894D-C6F2-4560-84C9-6C4AB1186755}.Release|Any CPU.Build.0 = Release|Any CPU
		{6F8B9C41-C04C-4891-92AF-EBC160609E12}.Debug|Any CPU.ActiveCfg = Debug|Any CPU
		{6F8B9C41-C04C-4891-92AF-EBC160609E12}.Debug|Any CPU.Build.0 = Debug|Any CPU
		{6F8B9C41-C04C-4891-92AF-EBC160609E12}.Release|Any CPU.ActiveCfg = Release|Any CPU
		{6F8B9C41-C04C-4891-92AF-EBC160609E12}.Release|Any CPU.Build.0 = Release|Any CPU
		{24DF9B94-D371-46A6-9B27-B5ED5237BEA3}.Debug|Any CPU.ActiveCfg = Debug|Any CPU
		{24DF9B94-D371-46A6-9B27-B5ED5237BEA3}.Debug|Any CPU.Build.0 = Debug|Any CPU
		{24DF9B94-D371-46A6-9B27-B5ED5237BEA3}.Release|Any CPU.ActiveCfg = Release|Any CPU
		{24DF9B94-D371-46A6-9B27-B5ED5237BEA3}.Release|Any CPU.Build.0 = Release|Any CPU
		{CC2B1905-35F5-4683-9438-4550EEFC6478}.Debug|Any CPU.ActiveCfg = Debug|Any CPU
		{CC2B1905-35F5-4683-9438-4550EEFC6478}.Debug|Any CPU.Build.0 = Debug|Any CPU
		{CC2B1905-35F5-4683-9438-4550EEFC6478}.Release|Any CPU.ActiveCfg = Release|Any CPU
		{CC2B1905-35F5-4683-9438-4550EEFC6478}.Release|Any CPU.Build.0 = Release|Any CPU
		{5EA2FBBE-E7D5-4D9F-8650-6530F9A00BDE}.Debug|Any CPU.ActiveCfg = Debug|Any CPU
		{5EA2FBBE-E7D5-4D9F-8650-6530F9A00BDE}.Debug|Any CPU.Build.0 = Debug|Any CPU
		{5EA2FBBE-E7D5-4D9F-8650-6530F9A00BDE}.Release|Any CPU.ActiveCfg = Release|Any CPU
		{5EA2FBBE-E7D5-4D9F-8650-6530F9A00BDE}.Release|Any CPU.Build.0 = Release|Any CPU
	EndGlobalSection
	GlobalSection(SolutionProperties) = preSolution
		HideSolutionNode = FALSE
	EndGlobalSection
	GlobalSection(NestedProjects) = preSolution
		{9B790938-5A31-47FD-9A4E-EB46BC2BD578} = {3F17E911-36D7-4473-89C5-FEE15C430D94}
		{67252525-9214-43CC-B1E8-9EE40F00BCF5} = {DF2C4D57-03DC-4118-A624-8A841D37989D}
		{F801DCCB-DA16-4664-B84C-B06A5BBC4428} = {DF2C4D57-03DC-4118-A624-8A841D37989D}
		{3B246981-BA66-48F3-8D77-47F16B277421} = {DF2C4D57-03DC-4118-A624-8A841D37989D}
		{3F17E911-36D7-4473-89C5-FEE15C430D94} = {DF2C4D57-03DC-4118-A624-8A841D37989D}
		{EAF2F1E7-425F-45E1-A1DB-6A9EFB22BA09} = {67252525-9214-43CC-B1E8-9EE40F00BCF5}
		{8FEBD389-9D8F-414D-ABED-BB54F768185A} = {F801DCCB-DA16-4664-B84C-B06A5BBC4428}
		{3E7D894D-C6F2-4560-84C9-6C4AB1186755} = {F801DCCB-DA16-4664-B84C-B06A5BBC4428}
		{6F8B9C41-C04C-4891-92AF-EBC160609E12} = {3B246981-BA66-48F3-8D77-47F16B277421}
		{24DF9B94-D371-46A6-9B27-B5ED5237BEA3} = {3B246981-BA66-48F3-8D77-47F16B277421}
		{CC2B1905-35F5-4683-9438-4550EEFC6478} = {3F17E911-36D7-4473-89C5-FEE15C430D94}
		{5EA2FBBE-E7D5-4D9F-8650-6530F9A00BDE} = {3F17E911-36D7-4473-89C5-FEE15C430D94}
	EndGlobalSection
	GlobalSection(ExtensibilityGlobals) = postSolution
		SolutionGuid = {504E73C3-3A19-4EFF-8DC7-F58E13540307}
	EndGlobalSection
EndGlobal
